{
  "lockfile_version": "1",
  "packages": {
    "darwin.Security": {
      "resolved": "github:NixOS/nixpkgs/f80ac848e3d6f0c12c52758c0f25c10c97ca3b62#darwin.Security",
      "source": "nixpkg"
    },
    "darwin.apple_sdk.frameworks.AppKit": {
      "resolved": "github:NixOS/nixpkgs/f80ac848e3d6f0c12c52758c0f25c10c97ca3b62#darwin.apple_sdk.frameworks.AppKit",
      "source": "nixpkg"
    },
    "darwin.apple_sdk.frameworks.QuartzCore": {
      "resolved": "github:NixOS/nixpkgs/f80ac848e3d6f0c12c52758c0f25c10c97ca3b62#darwin.apple_sdk.frameworks.QuartzCore",
      "source": "nixpkg"
    },
    "libiconv@latest": {
      "last_modified": "2023-08-30T00:25:28Z",
      "resolved": "github:NixOS/nixpkgs/a63a64b593dcf2fe05f7c5d666eb395950f36bc9#libiconv",
      "source": "devbox-search",
      "version": "50"
    },
    "rustup@latest": {
      "last_modified": "2023-08-30T00:25:28Z",
      "plugin_version": "0.0.1",
      "resolved": "github:NixOS/nixpkgs/a63a64b593dcf2fe05f7c5d666eb395950f36bc9#rustup",
      "source": "devbox-search",
      "version": "1.26.0"
    }
  }
}
